
Microsoft Visual Studio Solution File, Format Version 12.00
# Visual Studio Version 17
VisualStudioVersion = 17.7.34202.233
MinimumVisualStudioVersion = 10.0.40219.1
Project("{FAE04EC0-301F-11D3-BF4B-00C04F79EFBC}") = "Design", "Design\Design.csproj", "{5AB37390-DBEA-413D-A9F6-D6C09D4B6533}"
EndProject
Global
	GlobalSection(SolutionConfigurationPlatforms) = preSolution
		Debug|Any CPU = Debug|Any CPU
		Release|Any CPU = Release|Any CPU
	EndGlobalSection
	GlobalSection(ProjectConfigurationPlatforms) = postSolution
		{5AB37390-DBEA-413D-A9F6-D6C09D4B6533}.Debug|Any CPU.ActiveCfg = Debug|Any CPU
		{5AB37390-DBEA-413D-A9F6-D6C09D4B6533}.Debug|Any CPU.Build.0 = Debug|Any CPU
		{5AB37390-DBEA-413D-A9F6-D6C09D4B6533}.Release|Any CPU.ActiveCfg = Release|Any CPU
		{5AB37390-DBEA-413D-A9F6-D6C09D4B6533}.Release|Any CPU.Build.0 = Release|Any CPU
	EndGlobalSection
	GlobalSection(SolutionProperties) = preSolution
		HideSolutionNode = FALSE
	EndGlobalSection
	GlobalSection(ExtensibilityGlobals) = postSolution
		SolutionGuid = {00291A39-8535-426A-8479-C0877DF0497B}
	EndGlobalSection
EndGlobal
